// !$*UTF8*$!
{
	archiveVersion = 1;
	classes = {
	};
	objectVersion = 48;
	objects = {

/* Begin PBXBuildFile section */
		8231004B1FFE7A7D00CDDD0A /* conjugations.plist in Resources */ = {isa = PBXBuildFile; fileRef = 8231004A1FFE7A7D00CDDD0A /* conjugations.plist */; };
		829CEC4E1FFD4B9700F5AA8B /* AppDelegate.swift in Sources */ = {isa = PBXBuildFile; fileRef = 829CEC4D1FFD4B9700F5AA8B /* AppDelegate.swift */; };
		829CEC501FFD4B9700F5AA8B /* ViewController.swift in Sources */ = {isa = PBXBuildFile; fileRef = 829CEC4F1FFD4B9700F5AA8B /* ViewController.swift */; };
		829CEC531FFD4B9700F5AA8B /* Main.storyboard in Resources */ = {isa = PBXBuildFile; fileRef = 829CEC511FFD4B9700F5AA8B /* Main.storyboard */; };
		829CEC561FFD4B9700F5AA8B /* ConjugaisonFrancaiseiOS.xcdatamodeld in Sources */ = {isa = PBXBuildFile; fileRef = 829CEC541FFD4B9700F5AA8B /* ConjugaisonFrancaiseiOS.xcdatamodeld */; };
		829CEC581FFD4B9700F5AA8B /* Assets.xcassets in Resources */ = {isa = PBXBuildFile; fileRef = 829CEC571FFD4B9700F5AA8B /* Assets.xcassets */; };
		829CEC5B1FFD4B9700F5AA8B /* LaunchScreen.storyboard in Resources */ = {isa = PBXBuildFile; fileRef = 829CEC591FFD4B9700F5AA8B /* LaunchScreen.storyboard */; };
		829CEC661FFD4B9800F5AA8B /* ConjugaisonFrancaiseiOSTests.swift in Sources */ = {isa = PBXBuildFile; fileRef = 829CEC651FFD4B9800F5AA8B /* ConjugaisonFrancaiseiOSTests.swift */; };
		829CEC711FFD4B9800F5AA8B /* ConjugaisonFrancaiseiOSUITests.swift in Sources */ = {isa = PBXBuildFile; fileRef = 829CEC701FFD4B9800F5AA8B /* ConjugaisonFrancaiseiOSUITests.swift */; };
		82E8FB4E1FFFC2BB00970DF2 /* verbs.plist in Resources */ = {isa = PBXBuildFile; fileRef = 82E8FB4D1FFFC2BB00970DF2 /* verbs.plist */; };
		82E8FB521FFFCD4D00970DF2 /* VerbListViewController.swift in Sources */ = {isa = PBXBuildFile; fileRef = 82E8FB511FFFCD4D00970DF2 /* VerbListViewController.swift */; };
		82E8FB541FFFCDDD00970DF2 /* VerbDetailsViewController.swift in Sources */ = {isa = PBXBuildFile; fileRef = 82E8FB531FFFCDDD00970DF2 /* VerbDetailsViewController.swift */; };
		82E8FB561FFFCE6400970DF2 /* OptionsViewController.swift in Sources */ = {isa = PBXBuildFile; fileRef = 82E8FB551FFFCE6400970DF2 /* OptionsViewController.swift */; };
		82E8FB581FFFCF4B00970DF2 /* Verb.swift in Sources */ = {isa = PBXBuildFile; fileRef = 82E8FB571FFFCF4B00970DF2 /* Verb.swift */; };
		82E8FB5A1FFFD1A400970DF2 /* Conjugation.swift in Sources */ = {isa = PBXBuildFile; fileRef = 82E8FB591FFFD1A400970DF2 /* Conjugation.swift */; };
		82E8FB5C1FFFE24900970DF2 /* VerbTableViewCell.swift in Sources */ = {isa = PBXBuildFile; fileRef = 82E8FB5B1FFFE24900970DF2 /* VerbTableViewCell.swift */; };
/* End PBXBuildFile section */

/* Begin PBXContainerItemProxy section */
		829CEC621FFD4B9800F5AA8B /* PBXContainerItemProxy */ = {
			isa = PBXContainerItemProxy;
			containerPortal = 829CEC421FFD4B9700F5AA8B /* Project object */;
			proxyType = 1;
			remoteGlobalIDString = 829CEC491FFD4B9700F5AA8B;
			remoteInfo = ConjugaisonFrancaiseiOS;
		};
		829CEC6D1FFD4B9800F5AA8B /* PBXContainerItemProxy */ = {
			isa = PBXContainerItemProxy;
			containerPortal = 829CEC421FFD4B9700F5AA8B /* Project object */;
			proxyType = 1;
			remoteGlobalIDString = 829CEC491FFD4B9700F5AA8B;
			remoteInfo = ConjugaisonFrancaiseiOS;
		};
/* End PBXContainerItemProxy section */

/* Begin PBXFileReference section */
		8231004A1FFE7A7D00CDDD0A /* conjugations.plist */ = {isa = PBXFileReference; lastKnownFileType = text.plist.xml; path = conjugations.plist; sourceTree = "<group>"; };
		829CEC4A1FFD4B9700F5AA8B /* ConjugaisonFrancaiseiOS.app */ = {isa = PBXFileReference; explicitFileType = wrapper.application; includeInIndex = 0; path = ConjugaisonFrancaiseiOS.app; sourceTree = BUILT_PRODUCTS_DIR; };
		829CEC4D1FFD4B9700F5AA8B /* AppDelegate.swift */ = {isa = PBXFileReference; lastKnownFileType = sourcecode.swift; path = AppDelegate.swift; sourceTree = "<group>"; };
		829CEC4F1FFD4B9700F5AA8B /* ViewController.swift */ = {isa = PBXFileReference; lastKnownFileType = sourcecode.swift; path = ViewController.swift; sourceTree = "<group>"; };
		829CEC521FFD4B9700F5AA8B /* Base */ = {isa = PBXFileReference; lastKnownFileType = file.storyboard; name = Base; path = Base.lproj/Main.storyboard; sourceTree = "<group>"; };
		829CEC551FFD4B9700F5AA8B /* ConjugaisonFrancaiseiOS.xcdatamodel */ = {isa = PBXFileReference; lastKnownFileType = wrapper.xcdatamodel; path = ConjugaisonFrancaiseiOS.xcdatamodel; sourceTree = "<group>"; };
		829CEC571FFD4B9700F5AA8B /* Assets.xcassets */ = {isa = PBXFileReference; lastKnownFileType = folder.assetcatalog; path = Assets.xcassets; sourceTree = "<group>"; };
		829CEC5A1FFD4B9700F5AA8B /* Base */ = {isa = PBXFileReference; lastKnownFileType = file.storyboard; name = Base; path = Base.lproj/LaunchScreen.storyboard; sourceTree = "<group>"; };
		829CEC5C1FFD4B9700F5AA8B /* Info.plist */ = {isa = PBXFileReference; lastKnownFileType = text.plist.xml; path = Info.plist; sourceTree = "<group>"; };
		829CEC611FFD4B9800F5AA8B /* ConjugaisonFrancaiseiOSTests.xctest */ = {isa = PBXFileReference; explicitFileType = wrapper.cfbundle; includeInIndex = 0; path = ConjugaisonFrancaiseiOSTests.xctest; sourceTree = BUILT_PRODUCTS_DIR; };
		829CEC651FFD4B9800F5AA8B /* ConjugaisonFrancaiseiOSTests.swift */ = {isa = PBXFileReference; lastKnownFileType = sourcecode.swift; path = ConjugaisonFrancaiseiOSTests.swift; sourceTree = "<group>"; };
		829CEC671FFD4B9800F5AA8B /* Info.plist */ = {isa = PBXFileReference; lastKnownFileType = text.plist.xml; path = Info.plist; sourceTree = "<group>"; };
		829CEC6C1FFD4B9800F5AA8B /* ConjugaisonFrancaiseiOSUITests.xctest */ = {isa = PBXFileReference; explicitFileType = wrapper.cfbundle; includeInIndex = 0; path = ConjugaisonFrancaiseiOSUITests.xctest; sourceTree = BUILT_PRODUCTS_DIR; };
		829CEC701FFD4B9800F5AA8B /* ConjugaisonFrancaiseiOSUITests.swift */ = {isa = PBXFileReference; lastKnownFileType = sourcecode.swift; path = ConjugaisonFrancaiseiOSUITests.swift; sourceTree = "<group>"; };
		829CEC721FFD4B9800F5AA8B /* Info.plist */ = {isa = PBXFileReference; lastKnownFileType = text.plist.xml; path = Info.plist; sourceTree = "<group>"; };
		82E8FB4D1FFFC2BB00970DF2 /* verbs.plist */ = {isa = PBXFileReference; lastKnownFileType = text.plist.xml; path = verbs.plist; sourceTree = "<group>"; };
		82E8FB511FFFCD4D00970DF2 /* VerbListViewController.swift */ = {isa = PBXFileReference; lastKnownFileType = sourcecode.swift; path = VerbListViewController.swift; sourceTree = "<group>"; };
		82E8FB531FFFCDDD00970DF2 /* VerbDetailsViewController.swift */ = {isa = PBXFileReference; lastKnownFileType = sourcecode.swift; path = VerbDetailsViewController.swift; sourceTree = "<group>"; };
		82E8FB551FFFCE6400970DF2 /* OptionsViewController.swift */ = {isa = PBXFileReference; lastKnownFileType = sourcecode.swift; path = OptionsViewController.swift; sourceTree = "<group>"; };
		82E8FB571FFFCF4B00970DF2 /* Verb.swift */ = {isa = PBXFileReference; lastKnownFileType = sourcecode.swift; path = Verb.swift; sourceTree = "<group>"; };
		82E8FB591FFFD1A400970DF2 /* Conjugation.swift */ = {isa = PBXFileReference; lastKnownFileType = sourcecode.swift; path = Conjugation.swift; sourceTree = "<group>"; };
		82E8FB5B1FFFE24900970DF2 /* VerbTableViewCell.swift */ = {isa = PBXFileReference; lastKnownFileType = sourcecode.swift; path = VerbTableViewCell.swift; sourceTree = "<group>"; };
/* End PBXFileReference section */

/* Begin PBXFrameworksBuildPhase section */
		829CEC471FFD4B9700F5AA8B /* Frameworks */ = {
			isa = PBXFrameworksBuildPhase;
			buildActionMask = 2147483647;
			files = (
			);
			runOnlyForDeploymentPostprocessing = 0;
		};
		829CEC5E1FFD4B9800F5AA8B /* Frameworks */ = {
			isa = PBXFrameworksBuildPhase;
			buildActionMask = 2147483647;
			files = (
			);
			runOnlyForDeploymentPostprocessing = 0;
		};
		829CEC691FFD4B9800F5AA8B /* Frameworks */ = {
			isa = PBXFrameworksBuildPhase;
			buildActionMask = 2147483647;
			files = (
			);
			runOnlyForDeploymentPostprocessing = 0;
		};
/* End PBXFrameworksBuildPhase section */

/* Begin PBXGroup section */
		823100491FFE79AF00CDDD0A /* Supporting Files */ = {
			isa = PBXGroup;
			children = (
				8231004A1FFE7A7D00CDDD0A /* conjugations.plist */,
				82E8FB4D1FFFC2BB00970DF2 /* verbs.plist */,
			);
			name = "Supporting Files";
			sourceTree = "<group>";
		};
		829CEC411FFD4B9700F5AA8B = {
			isa = PBXGroup;
			children = (
				829CEC4C1FFD4B9700F5AA8B /* ConjugaisonFrancaiseiOS */,
				829CEC641FFD4B9800F5AA8B /* ConjugaisonFrancaiseiOSTests */,
				829CEC6F1FFD4B9800F5AA8B /* ConjugaisonFrancaiseiOSUITests */,
				829CEC4B1FFD4B9700F5AA8B /* Products */,
			);
			sourceTree = "<group>";
		};
		829CEC4B1FFD4B9700F5AA8B /* Products */ = {
			isa = PBXGroup;
			children = (
				829CEC4A1FFD4B9700F5AA8B /* ConjugaisonFrancaiseiOS.app */,
				829CEC611FFD4B9800F5AA8B /* ConjugaisonFrancaiseiOSTests.xctest */,
				829CEC6C1FFD4B9800F5AA8B /* ConjugaisonFrancaiseiOSUITests.xctest */,
			);
			name = Products;
			sourceTree = "<group>";
		};
		829CEC4C1FFD4B9700F5AA8B /* ConjugaisonFrancaiseiOS */ = {
			isa = PBXGroup;
			children = (
				82E8FB4F1FFFCCE600970DF2 /* Controller */,
				82E8FB501FFFCCF500970DF2 /* Model */,
				829CEC4D1FFD4B9700F5AA8B /* AppDelegate.swift */,
				829CEC511FFD4B9700F5AA8B /* Main.storyboard */,
				829CEC571FFD4B9700F5AA8B /* Assets.xcassets */,
				829CEC591FFD4B9700F5AA8B /* LaunchScreen.storyboard */,
				829CEC5C1FFD4B9700F5AA8B /* Info.plist */,
				823100491FFE79AF00CDDD0A /* Supporting Files */,
				829CEC541FFD4B9700F5AA8B /* ConjugaisonFrancaiseiOS.xcdatamodeld */,
			);
			path = ConjugaisonFrancaiseiOS;
			sourceTree = "<group>";
		};
		829CEC641FFD4B9800F5AA8B /* ConjugaisonFrancaiseiOSTests */ = {
			isa = PBXGroup;
			children = (
				829CEC651FFD4B9800F5AA8B /* ConjugaisonFrancaiseiOSTests.swift */,
				829CEC671FFD4B9800F5AA8B /* Info.plist */,
			);
			path = ConjugaisonFrancaiseiOSTests;
			sourceTree = "<group>";
		};
		829CEC6F1FFD4B9800F5AA8B /* ConjugaisonFrancaiseiOSUITests */ = {
			isa = PBXGroup;
			children = (
				829CEC701FFD4B9800F5AA8B /* ConjugaisonFrancaiseiOSUITests.swift */,
				829CEC721FFD4B9800F5AA8B /* Info.plist */,
			);
			path = ConjugaisonFrancaiseiOSUITests;
			sourceTree = "<group>";
		};
		82E8FB4F1FFFCCE600970DF2 /* Controller */ = {
			isa = PBXGroup;
			children = (
				829CEC4F1FFD4B9700F5AA8B /* ViewController.swift */,
				82E8FB551FFFCE6400970DF2 /* OptionsViewController.swift */,
				82E8FB511FFFCD4D00970DF2 /* VerbListViewController.swift */,
				82E8FB531FFFCDDD00970DF2 /* VerbDetailsViewController.swift */,
				82E8FB5B1FFFE24900970DF2 /* VerbTableViewCell.swift */,
			);
			name = Controller;
			sourceTree = "<group>";
		};
		82E8FB501FFFCCF500970DF2 /* Model */ = {
			isa = PBXGroup;
			children = (
				82E8FB571FFFCF4B00970DF2 /* Verb.swift */,
				82E8FB591FFFD1A400970DF2 /* Conjugation.swift */,
			);
			name = Model;
			sourceTree = "<group>";
		};
/* End PBXGroup section */

/* Begin PBXNativeTarget section */
		829CEC491FFD4B9700F5AA8B /* ConjugaisonFrancaiseiOS */ = {
			isa = PBXNativeTarget;
			buildConfigurationList = 829CEC751FFD4B9800F5AA8B /* Build configuration list for PBXNativeTarget "ConjugaisonFrancaiseiOS" */;
			buildPhases = (
				829CEC461FFD4B9700F5AA8B /* Sources */,
				829CEC471FFD4B9700F5AA8B /* Frameworks */,
				829CEC481FFD4B9700F5AA8B /* Resources */,
			);
			buildRules = (
			);
			dependencies = (
			);
			name = ConjugaisonFrancaiseiOS;
			productName = ConjugaisonFrancaiseiOS;
			productReference = 829CEC4A1FFD4B9700F5AA8B /* ConjugaisonFrancaiseiOS.app */;
			productType = "com.apple.product-type.application";
		};
		829CEC601FFD4B9800F5AA8B /* ConjugaisonFrancaiseiOSTests */ = {
			isa = PBXNativeTarget;
			buildConfigurationList = 829CEC781FFD4B9800F5AA8B /* Build configuration list for PBXNativeTarget "ConjugaisonFrancaiseiOSTests" */;
			buildPhases = (
				829CEC5D1FFD4B9800F5AA8B /* Sources */,
				829CEC5E1FFD4B9800F5AA8B /* Frameworks */,
				829CEC5F1FFD4B9800F5AA8B /* Resources */,
			);
			buildRules = (
			);
			dependencies = (
				829CEC631FFD4B9800F5AA8B /* PBXTargetDependency */,
			);
			name = ConjugaisonFrancaiseiOSTests;
			productName = ConjugaisonFrancaiseiOSTests;
			productReference = 829CEC611FFD4B9800F5AA8B /* ConjugaisonFrancaiseiOSTests.xctest */;
			productType = "com.apple.product-type.bundle.unit-test";
		};
		829CEC6B1FFD4B9800F5AA8B /* ConjugaisonFrancaiseiOSUITests */ = {
			isa = PBXNativeTarget;
			buildConfigurationList = 829CEC7B1FFD4B9800F5AA8B /* Build configuration list for PBXNativeTarget "ConjugaisonFrancaiseiOSUITests" */;
			buildPhases = (
				829CEC681FFD4B9800F5AA8B /* Sources */,
				829CEC691FFD4B9800F5AA8B /* Frameworks */,
				829CEC6A1FFD4B9800F5AA8B /* Resources */,
			);
			buildRules = (
			);
			dependencies = (
				829CEC6E1FFD4B9800F5AA8B /* PBXTargetDependency */,
			);
			name = ConjugaisonFrancaiseiOSUITests;
			productName = ConjugaisonFrancaiseiOSUITests;
			productReference = 829CEC6C1FFD4B9800F5AA8B /* ConjugaisonFrancaiseiOSUITests.xctest */;
			productType = "com.apple.product-type.bundle.ui-testing";
		};
/* End PBXNativeTarget section */

/* Begin PBXProject section */
		829CEC421FFD4B9700F5AA8B /* Project object */ = {
			isa = PBXProject;
			attributes = {
				LastSwiftUpdateCheck = 0920;
				LastUpgradeCheck = 0920;
				ORGANIZATIONNAME = xengar;
				TargetAttributes = {
					829CEC491FFD4B9700F5AA8B = {
						CreatedOnToolsVersion = 9.2;
						ProvisioningStyle = Automatic;
					};
					829CEC601FFD4B9800F5AA8B = {
						CreatedOnToolsVersion = 9.2;
						ProvisioningStyle = Automatic;
						TestTargetID = 829CEC491FFD4B9700F5AA8B;
					};
					829CEC6B1FFD4B9800F5AA8B = {
						CreatedOnToolsVersion = 9.2;
						ProvisioningStyle = Automatic;
						TestTargetID = 829CEC491FFD4B9700F5AA8B;
					};
				};
			};
			buildConfigurationList = 829CEC451FFD4B9700F5AA8B /* Build configuration list for PBXProject "ConjugaisonFrancaiseiOS" */;
			compatibilityVersion = "Xcode 8.0";
			developmentRegion = en;
			hasScannedForEncodings = 0;
			knownRegions = (
				en,
				Base,
			);
			mainGroup = 829CEC411FFD4B9700F5AA8B;
			productRefGroup = 829CEC4B1FFD4B9700F5AA8B /* Products */;
			projectDirPath = "";
			projectRoot = "";
			targets = (
				829CEC491FFD4B9700F5AA8B /* ConjugaisonFrancaiseiOS */,
				829CEC601FFD4B9800F5AA8B /* ConjugaisonFrancaiseiOSTests */,
				829CEC6B1FFD4B9800F5AA8B /* ConjugaisonFrancaiseiOSUITests */,
			);
		};
/* End PBXProject section */

/* Begin PBXResourcesBuildPhase section */
		829CEC481FFD4B9700F5AA8B /* Resources */ = {
			isa = PBXResourcesBuildPhase;
			buildActionMask = 2147483647;
			files = (
				8231004B1FFE7A7D00CDDD0A /* conjugations.plist in Resources */,
				82E8FB4E1FFFC2BB00970DF2 /* verbs.plist in Resources */,
				829CEC5B1FFD4B9700F5AA8B /* LaunchScreen.storyboard in Resources */,
				829CEC581FFD4B9700F5AA8B /* Assets.xcassets in Resources */,
				829CEC531FFD4B9700F5AA8B /* Main.storyboard in Resources */,
			);
			runOnlyForDeploymentPostprocessing = 0;
		};
		829CEC5F1FFD4B9800F5AA8B /* Resources */ = {
			isa = PBXResourcesBuildPhase;
			buildActionMask = 2147483647;
			files = (
			);
			runOnlyForDeploymentPostprocessing = 0;
		};
		829CEC6A1FFD4B9800F5AA8B /* Resources */ = {
			isa = PBXResourcesBuildPhase;
			buildActionMask = 2147483647;
			files = (
			);
			runOnlyForDeploymentPostprocessing = 0;
		};
/* End PBXResourcesBuildPhase section */

/* Begin PBXSourcesBuildPhase section */
		829CEC461FFD4B9700F5AA8B /* Sources */ = {
			isa = PBXSourcesBuildPhase;
			buildActionMask = 2147483647;
			files = (
				82E8FB581FFFCF4B00970DF2 /* Verb.swift in Sources */,
				82E8FB5C1FFFE24900970DF2 /* VerbTableViewCell.swift in Sources */,
				829CEC501FFD4B9700F5AA8B /* ViewController.swift in Sources */,
				82E8FB521FFFCD4D00970DF2 /* VerbListViewController.swift in Sources */,
				82E8FB541FFFCDDD00970DF2 /* VerbDetailsViewController.swift in Sources */,
				82E8FB561FFFCE6400970DF2 /* OptionsViewController.swift in Sources */,
				82E8FB5A1FFFD1A400970DF2 /* Conjugation.swift in Sources */,
				829CEC561FFD4B9700F5AA8B /* ConjugaisonFrancaiseiOS.xcdatamodeld in Sources */,
				829CEC4E1FFD4B9700F5AA8B /* AppDelegate.swift in Sources */,
			);
			runOnlyForDeploymentPostprocessing = 0;
		};
		829CEC5D1FFD4B9800F5AA8B /* Sources */ = {
			isa = PBXSourcesBuildPhase;
			buildActionMask = 2147483647;
			files = (
				829CEC661FFD4B9800F5AA8B /* ConjugaisonFrancaiseiOSTests.swift in Sources */,
			);
			runOnlyForDeploymentPostprocessing = 0;
		};
		829CEC681FFD4B9800F5AA8B /* Sources */ = {
			isa = PBXSourcesBuildPhase;
			buildActionMask = 2147483647;
			files = (
				829CEC711FFD4B9800F5AA8B /* ConjugaisonFrancaiseiOSUITests.swift in Sources */,
			);
			runOnlyForDeploymentPostprocessing = 0;
		};
/* End PBXSourcesBuildPhase section */

/* Begin PBXTargetDependency section */
		829CEC631FFD4B9800F5AA8B /* PBXTargetDependency */ = {
			isa = PBXTargetDependency;
			target = 829CEC491FFD4B9700F5AA8B /* ConjugaisonFrancaiseiOS */;
			targetProxy = 829CEC621FFD4B9800F5AA8B /* PBXContainerItemProxy */;
		};
		829CEC6E1FFD4B9800F5AA8B /* PBXTargetDependency */ = {
			isa = PBXTargetDependency;
			target = 829CEC491FFD4B9700F5AA8B /* ConjugaisonFrancaiseiOS */;
			targetProxy = 829CEC6D1FFD4B9800F5AA8B /* PBXContainerItemProxy */;
		};
/* End PBXTargetDependency section */

/* Begin PBXVariantGroup section */
		829CEC511FFD4B9700F5AA8B /* Main.storyboard */ = {
			isa = PBXVariantGroup;
			children = (
				829CEC521FFD4B9700F5AA8B /* Base */,
			);
			name = Main.storyboard;
			sourceTree = "<group>";
		};
		829CEC591FFD4B9700F5AA8B /* LaunchScreen.storyboard */ = {
			isa = PBXVariantGroup;
			children = (
				829CEC5A1FFD4B9700F5AA8B /* Base */,
			);
			name = LaunchScreen.storyboard;
			sourceTree = "<group>";
		};
/* End PBXVariantGroup section */

/* Begin XCBuildConfiguration section */
		829CEC731FFD4B9800F5AA8B /* Debug */ = {
			isa = XCBuildConfiguration;
			buildSettings = {
				ALWAYS_SEARCH_USER_PATHS = NO;
				CLANG_ANALYZER_NONNULL = YES;
				CLANG_ANALYZER_NUMBER_OBJECT_CONVERSION = YES_AGGRESSIVE;
				CLANG_CXX_LANGUAGE_STANDARD = "gnu++14";
				CLANG_CXX_LIBRARY = "libc++";
				CLANG_ENABLE_MODULES = YES;
				CLANG_ENABLE_OBJC_ARC = YES;
				CLANG_WARN_BLOCK_CAPTURE_AUTORELEASING = YES;
				CLANG_WARN_BOOL_CONVERSION = YES;
				CLANG_WARN_COMMA = YES;
				CLANG_WARN_CONSTANT_CONVERSION = YES;
				CLANG_WARN_DIRECT_OBJC_ISA_USAGE = YES_ERROR;
				CLANG_WARN_DOCUMENTATION_COMMENTS = YES;
				CLANG_WARN_EMPTY_BODY = YES;
				CLANG_WARN_ENUM_CONVERSION = YES;
				CLANG_WARN_INFINITE_RECURSION = YES;
				CLANG_WARN_INT_CONVERSION = YES;
				CLANG_WARN_NON_LITERAL_NULL_CONVERSION = YES;
				CLANG_WARN_OBJC_LITERAL_CONVERSION = YES;
				CLANG_WARN_OBJC_ROOT_CLASS = YES_ERROR;
				CLANG_WARN_RANGE_LOOP_ANALYSIS = YES;
				CLANG_WARN_STRICT_PROTOTYPES = YES;
				CLANG_WARN_SUSPICIOUS_MOVE = YES;
				CLANG_WARN_UNGUARDED_AVAILABILITY = YES_AGGRESSIVE;
				CLANG_WARN_UNREACHABLE_CODE = YES;
				CLANG_WARN__DUPLICATE_METHOD_MATCH = YES;
				CODE_SIGN_IDENTITY = "iPhone Developer";
				COPY_PHASE_STRIP = NO;
				DEBUG_INFORMATION_FORMAT = dwarf;
				ENABLE_STRICT_OBJC_MSGSEND = YES;
				ENABLE_TESTABILITY = YES;
				GCC_C_LANGUAGE_STANDARD = gnu11;
				GCC_DYNAMIC_NO_PIC = NO;
				GCC_NO_COMMON_BLOCKS = YES;
				GCC_OPTIMIZATION_LEVEL = 0;
				GCC_PREPROCESSOR_DEFINITIONS = (
					"DEBUG=1",
					"$(inherited)",
				);
				GCC_WARN_64_TO_32_BIT_CONVERSION = YES;
				GCC_WARN_ABOUT_RETURN_TYPE = YES_ERROR;
				GCC_WARN_UNDECLARED_SELECTOR = YES;
				GCC_WARN_UNINITIALIZED_AUTOS = YES_AGGRESSIVE;
				GCC_WARN_UNUSED_FUNCTION = YES;
				GCC_WARN_UNUSED_VARIABLE = YES;
				IPHONEOS_DEPLOYMENT_TARGET = 11.2;
				MTL_ENABLE_DEBUG_INFO = YES;
				ONLY_ACTIVE_ARCH = YES;
				SDKROOT = iphoneos;
				SWIFT_ACTIVE_COMPILATION_CONDITIONS = DEBUG;
				SWIFT_OPTIMIZATION_LEVEL = "-Onone";
			};
			name = Debug;
		};
		829CEC741FFD4B9800F5AA8B /* Release */ = {
			isa = XCBuildConfiguration;
			buildSettings = {
				ALWAYS_SEARCH_USER_PATHS = NO;
				CLANG_ANALYZER_NONNULL = YES;
				CLANG_ANALYZER_NUMBER_OBJECT_CONVERSION = YES_AGGRESSIVE;
				CLANG_CXX_LANGUAGE_STANDARD = "gnu++14";
				CLANG_CXX_LIBRARY = "libc++";
				CLANG_ENABLE_MODULES = YES;
				CLANG_ENABLE_OBJC_ARC = YES;
				CLANG_WARN_BLOCK_CAPTURE_AUTORELEASING = YES;
				CLANG_WARN_BOOL_CONVERSION = YES;
				CLANG_WARN_COMMA = YES;
				CLANG_WARN_CONSTANT_CONVERSION = YES;
				CLANG_WARN_DIRECT_OBJC_ISA_USAGE = YES_ERROR;
				CLANG_WARN_DOCUMENTATION_COMMENTS = YES;
				CLANG_WARN_EMPTY_BODY = YES;
				CLANG_WARN_ENUM_CONVERSION = YES;
				CLANG_WARN_INFINITE_RECURSION = YES;
				CLANG_WARN_INT_CONVERSION = YES;
				CLANG_WARN_NON_LITERAL_NULL_CONVERSION = YES;
				CLANG_WARN_OBJC_LITERAL_CONVERSION = YES;
				CLANG_WARN_OBJC_ROOT_CLASS = YES_ERROR;
				CLANG_WARN_RANGE_LOOP_ANALYSIS = YES;
				CLANG_WARN_STRICT_PROTOTYPES = YES;
				CLANG_WARN_SUSPICIOUS_MOVE = YES;
				CLANG_WARN_UNGUARDED_AVAILABILITY = YES_AGGRESSIVE;
				CLANG_WARN_UNREACHABLE_CODE = YES;
				CLANG_WARN__DUPLICATE_METHOD_MATCH = YES;
				CODE_SIGN_IDENTITY = "iPhone Developer";
				COPY_PHASE_STRIP = NO;
				DEBUG_INFORMATION_FORMAT = "dwarf-with-dsym";
				ENABLE_NS_ASSERTIONS = NO;
				ENABLE_STRICT_OBJC_MSGSEND = YES;
				GCC_C_LANGUAGE_STANDARD = gnu11;
				GCC_NO_COMMON_BLOCKS = YES;
				GCC_WARN_64_TO_32_BIT_CONVERSION = YES;
				GCC_WARN_ABOUT_RETURN_TYPE = YES_ERROR;
				GCC_WARN_UNDECLARED_SELECTOR = YES;
				GCC_WARN_UNINITIALIZED_AUTOS = YES_AGGRESSIVE;
				GCC_WARN_UNUSED_FUNCTION = YES;
				GCC_WARN_UNUSED_VARIABLE = YES;
				IPHONEOS_DEPLOYMENT_TARGET = 11.2;
				MTL_ENABLE_DEBUG_INFO = NO;
				SDKROOT = iphoneos;
				SWIFT_OPTIMIZATION_LEVEL = "-Owholemodule";
				VALIDATE_PRODUCT = YES;
			};
			name = Release;
		};
		829CEC761FFD4B9800F5AA8B /* Debug */ = {
			isa = XCBuildConfiguration;
			buildSettings = {
				ASSETCATALOG_COMPILER_APPICON_NAME = AppIcon;
				CODE_SIGN_STYLE = Automatic;
				DEVELOPMENT_TEAM = 567K2BW2V9;
				INFOPLIST_FILE = ConjugaisonFrancaiseiOS/Info.plist;
				LD_RUNPATH_SEARCH_PATHS = "$(inherited) @executable_path/Frameworks";
				PRODUCT_BUNDLE_IDENTIFIER = com.xengar.ios.conjugaisonfrancaise;
				PRODUCT_NAME = "$(TARGET_NAME)";
				SWIFT_VERSION = 4.0;
				TARGETED_DEVICE_FAMILY = "1,2";
			};
			name = Debug;
		};
		829CEC771FFD4B9800F5AA8B /* Release */ = {
			isa = XCBuildConfiguration;
			buildSettings = {
				ASSETCATALOG_COMPILER_APPICON_NAME = AppIcon;
				CODE_SIGN_STYLE = Automatic;
				DEVELOPMENT_TEAM = 567K2BW2V9;
				INFOPLIST_FILE = ConjugaisonFrancaiseiOS/Info.plist;
				LD_RUNPATH_SEARCH_PATHS = "$(inherited) @executable_path/Frameworks";
				PRODUCT_BUNDLE_IDENTIFIER = com.xengar.ios.conjugaisonfrancaise;
				PRODUCT_NAME = "$(TARGET_NAME)";
				SWIFT_VERSION = 4.0;
				TARGETED_DEVICE_FAMILY = "1,2";
			};
			name = Release;
		};
		829CEC791FFD4B9800F5AA8B /* Debug */ = {
			isa = XCBuildConfiguration;
			buildSettings = {
				ALWAYS_EMBED_SWIFT_STANDARD_LIBRARIES = YES;
				BUNDLE_LOADER = "$(TEST_HOST)";
				CODE_SIGN_STYLE = Automatic;
				INFOPLIST_FILE = ConjugaisonFrancaiseiOSTests/Info.plist;
				LD_RUNPATH_SEARCH_PATHS = "$(inherited) @executable_path/Frameworks @loader_path/Frameworks";
				PRODUCT_BUNDLE_IDENTIFIER = com.xengar.ios.ConjugaisonFrancaiseiOSTests;
				PRODUCT_NAME = "$(TARGET_NAME)";
				SWIFT_VERSION = 4.0;
				TARGETED_DEVICE_FAMILY = "1,2";
				TEST_HOST = "$(BUILT_PRODUCTS_DIR)/ConjugaisonFrancaiseiOS.app/ConjugaisonFrancaiseiOS";
			};
			name = Debug;
		};
		829CEC7A1FFD4B9800F5AA8B /* Release */ = {
			isa = XCBuildConfiguration;
			buildSettings = {
				ALWAYS_EMBED_SWIFT_STANDARD_LIBRARIES = YES;
				BUNDLE_LOADER = "$(TEST_HOST)";
				CODE_SIGN_STYLE = Automatic;
				INFOPLIST_FILE = ConjugaisonFrancaiseiOSTests/Info.plist;
				LD_RUNPATH_SEARCH_PATHS = "$(inherited) @executable_path/Frameworks @loader_path/Frameworks";
				PRODUCT_BUNDLE_IDENTIFIER = com.xengar.ios.ConjugaisonFrancaiseiOSTests;
				PRODUCT_NAME = "$(TARGET_NAME)";
				SWIFT_VERSION = 4.0;
				TARGETED_DEVICE_FAMILY = "1,2";
				TEST_HOST = "$(BUILT_PRODUCTS_DIR)/ConjugaisonFrancaiseiOS.app/ConjugaisonFrancaiseiOS";
			};
			name = Release;
		};
		829CEC7C1FFD4B9800F5AA8B /* Debug */ = {
			isa = XCBuildConfiguration;
			buildSettings = {
				ALWAYS_EMBED_SWIFT_STANDARD_LIBRARIES = YES;
				CODE_SIGN_STYLE = Automatic;
				INFOPLIST_FILE = ConjugaisonFrancaiseiOSUITests/Info.plist;
				LD_RUNPATH_SEARCH_PATHS = "$(inherited) @executable_path/Frameworks @loader_path/Frameworks";
				PRODUCT_BUNDLE_IDENTIFIER = com.xengar.ios.ConjugaisonFrancaiseiOSUITests;
				PRODUCT_NAME = "$(TARGET_NAME)";
				SWIFT_VERSION = 4.0;
				TARGETED_DEVICE_FAMILY = "1,2";
				TEST_TARGET_NAME = ConjugaisonFrancaiseiOS;
			};
			name = Debug;
		};
		829CEC7D1FFD4B9800F5AA8B /* Release */ = {
			isa = XCBuildConfiguration;
			buildSettings = {
				ALWAYS_EMBED_SWIFT_STANDARD_LIBRARIES = YES;
				CODE_SIGN_STYLE = Automatic;
				INFOPLIST_FILE = ConjugaisonFrancaiseiOSUITests/Info.plist;
				LD_RUNPATH_SEARCH_PATHS = "$(inherited) @executable_path/Frameworks @loader_path/Frameworks";
				PRODUCT_BUNDLE_IDENTIFIER = com.xengar.ios.ConjugaisonFrancaiseiOSUITests;
				PRODUCT_NAME = "$(TARGET_NAME)";
				SWIFT_VERSION = 4.0;
				TARGETED_DEVICE_FAMILY = "1,2";
				TEST_TARGET_NAME = ConjugaisonFrancaiseiOS;
			};
			name = Release;
		};
/* End XCBuildConfiguration section */

/* Begin XCConfigurationList section */
		829CEC451FFD4B9700F5AA8B /* Build configuration list for PBXProject "ConjugaisonFrancaiseiOS" */ = {
			isa = XCConfigurationList;
			buildConfigurations = (
				829CEC731FFD4B9800F5AA8B /* Debug */,
				829CEC741FFD4B9800F5AA8B /* Release */,
			);
			defaultConfigurationIsVisible = 0;
			defaultConfigurationName = Release;
		};
		829CEC751FFD4B9800F5AA8B /* Build configuration list for PBXNativeTarget "ConjugaisonFrancaiseiOS" */ = {
			isa = XCConfigurationList;
			buildConfigurations = (
				829CEC761FFD4B9800F5AA8B /* Debug */,
				829CEC771FFD4B9800F5AA8B /* Release */,
			);
			defaultConfigurationIsVisible = 0;
			defaultConfigurationName = Release;
		};
		829CEC781FFD4B9800F5AA8B /* Build configuration list for PBXNativeTarget "ConjugaisonFrancaiseiOSTests" */ = {
			isa = XCConfigurationList;
			buildConfigurations = (
				829CEC791FFD4B9800F5AA8B /* Debug */,
				829CEC7A1FFD4B9800F5AA8B /* Release */,
			);
			defaultConfigurationIsVisible = 0;
			defaultConfigurationName = Release;
		};
		829CEC7B1FFD4B9800F5AA8B /* Build configuration list for PBXNativeTarget "ConjugaisonFrancaiseiOSUITests" */ = {
			isa = XCConfigurationList;
			buildConfigurations = (
				829CEC7C1FFD4B9800F5AA8B /* Debug */,
				829CEC7D1FFD4B9800F5AA8B /* Release */,
			);
			defaultConfigurationIsVisible = 0;
			defaultConfigurationName = Release;
		};
/* End XCConfigurationList section */

/* Begin XCVersionGroup section */
		829CEC541FFD4B9700F5AA8B /* ConjugaisonFrancaiseiOS.xcdatamodeld */ = {
			isa = XCVersionGroup;
			children = (
				829CEC551FFD4B9700F5AA8B /* ConjugaisonFrancaiseiOS.xcdatamodel */,
			);
			currentVersion = 829CEC551FFD4B9700F5AA8B /* ConjugaisonFrancaiseiOS.xcdatamodel */;
			path = ConjugaisonFrancaiseiOS.xcdatamodeld;
			sourceTree = "<group>";
			versionGroupType = wrapper.xcdatamodel;
		};
/* End XCVersionGroup section */
	};
	rootObject = 829CEC421FFD4B9700F5AA8B /* Project object */;
}
